
Microsoft Visual Studio Solution File, Format Version 12.00
# Visual Studio Version 17
VisualStudioVersion = 17.4.33110.190
MinimumVisualStudioVersion = 10.0.40219.1
Project("{FAE04EC0-301F-11D3-BF4B-00C04F79EFBC}") = "SchoderChain", "SchoderChain\SchoderChain.csproj", "{521D6B16-8E07-4AE3-A3D4-E49F8F312D73}"
EndProject
Project("{FAE04EC0-301F-11D3-BF4B-00C04F79EFBC}") = "SchoderChainUnitTests", "SchoderChainUnitTests\SchoderChainUnitTests.csproj", "{4CFF9937-899F-43E7-AFDA-BE2B07A32FDB}"
EndProject
Global
	GlobalSection(SolutionConfigurationPlatforms) = preSolution
		Debug|Any CPU = Debug|Any CPU
		Release|Any CPU = Release|Any CPU
	EndGlobalSection
	GlobalSection(ProjectConfigurationPlatforms) = postSolution
		{521D6B16-8E07-4AE3-A3D4-E49F8F312D73}.Debug|Any CPU.ActiveCfg = Debug|Any CPU
		{521D6B16-8E07-4AE3-A3D4-E49F8F312D73}.Debug|Any CPU.Build.0 = Debug|Any CPU
		{521D6B16-8E07-4AE3-A3D4-E49F8F312D73}.Release|Any CPU.ActiveCfg = Release|Any CPU
		{521D6B16-8E07-4AE3-A3D4-E49F8F312D73}.Release|Any CPU.Build.0 = Release|Any CPU
		{4CFF9937-899F-43E7-AFDA-BE2B07A32FDB}.Debug|Any CPU.ActiveCfg = Debug|Any CPU
		{4CFF9937-899F-43E7-AFDA-BE2B07A32FDB}.Debug|Any CPU.Build.0 = Debug|Any CPU
		{4CFF9937-899F-43E7-AFDA-BE2B07A32FDB}.Release|Any CPU.ActiveCfg = Release|Any CPU
		{4CFF9937-899F-43E7-AFDA-BE2B07A32FDB}.Release|Any CPU.Build.0 = Release|Any CPU
	EndGlobalSection
	GlobalSection(SolutionProperties) = preSolution
		HideSolutionNode = FALSE
	EndGlobalSection
	GlobalSection(ExtensibilityGlobals) = postSolution
		SolutionGuid = {86CF3905-AD64-4DE5-9404-159D91FB1442}
	EndGlobalSection
EndGlobal
